
Microsoft Visual Studio Solution File, Format Version 12.00
# Visual Studio 15
VisualStudioVersion = 15.0.27703.2018
MinimumVisualStudioVersion = 10.0.40219.1
Project("{FAE04EC0-301F-11D3-BF4B-00C04F79EFBC}") = "Huffman_code", "Huffman_code\Huffman_code.csproj", "{D634ED84-C45D-4312-B905-6B1666134951}"
EndProject
Project("{FAE04EC0-301F-11D3-BF4B-00C04F79EFBC}") = "UnitTests", "UnitTestProject1\UnitTests.csproj", "{F7CA500A-E873-407A-854A-8EB636183FCE}"
EndProject
Global
	GlobalSection(SolutionConfigurationPlatforms) = preSolution
		Debug|Any CPU = Debug|Any CPU
		Release|Any CPU = Release|Any CPU
	EndGlobalSection
	GlobalSection(ProjectConfigurationPlatforms) = postSolution
		{D634ED84-C45D-4312-B905-6B1666134951}.Debug|Any CPU.ActiveCfg = Debug|Any CPU
		{D634ED84-C45D-4312-B905-6B1666134951}.Debug|Any CPU.Build.0 = Debug|Any CPU
		{D634ED84-C45D-4312-B905-6B1666134951}.Release|Any CPU.ActiveCfg = Release|Any CPU
		{D634ED84-C45D-4312-B905-6B1666134951}.Release|Any CPU.Build.0 = Release|Any CPU
		{F7CA500A-E873-407A-854A-8EB636183FCE}.Debug|Any CPU.ActiveCfg = Debug|Any CPU
		{F7CA500A-E873-407A-854A-8EB636183FCE}.Debug|Any CPU.Build.0 = Debug|Any CPU
		{F7CA500A-E873-407A-854A-8EB636183FCE}.Release|Any CPU.ActiveCfg = Release|Any CPU
		{F7CA500A-E873-407A-854A-8EB636183FCE}.Release|Any CPU.Build.0 = Release|Any CPU
	EndGlobalSection
	GlobalSection(SolutionProperties) = preSolution
		HideSolutionNode = FALSE
	EndGlobalSection
	GlobalSection(ExtensibilityGlobals) = postSolution
		SolutionGuid = {2428C56B-45EE-4F6C-A840-50C438034406}
	EndGlobalSection
EndGlobal
